lockfileVersion: 5.4

specifiers:
  '@vitejs/plugin-vue': ^1.2.3
  '@vue/compiler-sfc': ^3.1.2
  axios: ^0.21.1
  element-plus: ^1.0.2-beta.52
  md-editor-v3: ^2.2.0
  pinia: ^2.0.14
  vite: 2.3.7
  vue: ^3.1.2
  vue-cropperjs: ^5.0.0
  vue-i18n: ^9.0.0
  vue-router: ^4.0.10
  vue-schart: ^2.0.0
  wangeditor: ^4.7.4

dependencies:
  axios: registry.npmmirror.com/axios/0.21.4
  element-plus: registry.npmmirror.com/element-plus/1.0.2-beta.71_vue@3.2.37
  md-editor-v3: registry.npmmirror.com/md-editor-v3/2.2.1
  pinia: registry.npmmirror.com/pinia/2.0.17_vue@3.2.37
  vue: registry.npmmirror.com/vue/3.2.37
  vue-cropperjs: registry.npmmirror.com/vue-cropperjs/5.0.0_vue@3.2.37
  vue-i18n: registry.npmmirror.com/vue-i18n/9.1.10_vue@3.2.37
  vue-router: registry.npmmirror.com/vue-router/4.1.3_vue@3.2.37
  vue-schart: registry.npmmirror.com/vue-schart/2.0.0
  wangeditor: registry.npmmirror.com/wangeditor/4.7.15

devDependencies:
  '@vitejs/plugin-vue': registry.npmmirror.com/@vitejs/plugin-vue/1.10.2_vite@2.3.7
  '@vue/compiler-sfc': registry.npmmirror.com/@vue/compiler-sfc/3.2.37
  vite: registry.npmmirror.com/vite/2.3.7

packages:

  registry.npmmirror.com/@babel/helper-validator-identifier/7.18.6:
    resolution: {integrity: sha512-MmetCkz9ej86nJQV+sFCxoGGrUbU3q02kgLciwkrt9QqEB7cP39oKEY0PakknEO0Gu20SskMRi+AYZ3b1TpN9g==, registry: https://registry.npm.taobao.org/, tarball: https://registry.npmmirror.com/@babel/helper-validator-identifier/-/helper-validator-identifier-7.18.6.tgz}
    name: '@babel/helper-validator-identifier'
    version: 7.18.6
    engines: {node: '>=6.9.0'}

  registry.npmmirror.com/@babel/parser/7.18.9:
    resolution: {integrity: sha512-9uJveS9eY9DJ0t64YbIBZICtJy8a5QrDEVdiLCG97fVLpDTpGX7t8mMSb6OWw6Lrnjqj4O8zwjELX3dhoMgiBg==, registry: https://registry.npm.taobao.org/, tarball: https://registry.npmmirror.com/@babel/parser/-/parser-7.18.9.tgz}
    name: '@babel/parser'
    version: 7.18.9
    engines: {node: '>=6.0.0'}
    hasBin: true
    dependencies:
      '@babel/types': registry.npmmirror.com/@babel/types/7.18.9

  registry.npmmirror.com/@babel/runtime-corejs3/7.18.9:
    resolution: {integrity: sha512-qZEWeccZCrHA2Au4/X05QW5CMdm4VjUDCrGq5gf1ZDcM4hRqreKrtwAn7yci9zfgAS9apvnsFXiGBHBAxZdK9A==, registry: https://registry.npm.taobao.org/, tarball: https://registry.npmmirror.com/@babel/runtime-corejs3/-/runtime-corejs3-7.18.9.tgz}
    name: '@babel/runtime-corejs3'
    version: 7.18.9
    engines: {node: '>=6.9.0'}
    dependencies:
      core-js-pure: registry.npmmirror.com/core-js-pure/3.24.1
      regenerator-runtime: registry.npmmirror.com/regenerator-runtime/0.13.9
    dev: false

  registry.npmmirror.com/@babel/runtime/7.18.9:
    resolution: {integrity: sha512-lkqXDcvlFT5rvEjiu6+QYO+1GXrEHRo2LOtS7E4GtX5ESIZOgepqsZBVIj6Pv+a6zqsya9VCgiK1KAK4BvJDAw==, registry: https://registry.npm.taobao.org/, tarball: https://registry.npmmirror.com/@babel/runtime/-/runtime-7.18.9.tgz}
    name: '@babel/runtime'
    version: 7.18.9
    engines: {node: '>=6.9.0'}
    dependencies:
      regenerator-runtime: registry.npmmirror.com/regenerator-runtime/0.13.9
    dev: false

  registry.npmmirror.com/@babel/types/7.18.9:
    resolution: {integrity: sha512-WwMLAg2MvJmt/rKEVQBBhIVffMmnilX4oe0sRe7iPOHIGsqpruFHHdrfj4O1CMMtgMtCU4oPafZjDPCRgO57Wg==, registry: https://registry.npm.taobao.org/, tarball: https://registry.npmmirror.com/@babel/types/-/types-7.18.9.tgz}
    name: '@babel/types'
    version: 7.18.9
    engines: {node: '>=6.9.0'}
    dependencies:
      '@babel/helper-validator-identifier': registry.npmmirror.com/@babel/helper-validator-identifier/7.18.6
      to-fast-properties: registry.npmmirror.com/to-fast-properties/2.0.0

  registry.npmmirror.com/@element-plus/icons/0.0.11:
    resolution: {integrity: sha512-iKQXSxXu131Ai+I9Ymtcof9WId7kaXvB1+WRfAfpQCW7UiAMYgdNDqb/u0hgTo2Yq3MwC4MWJnNuTBEpG8r7+A==, registry: https://registry.npm.taobao.org/, tarball: https://registry.npmmirror.com/@element-plus/icons/-/icons-0.0.11.tgz}
    name: '@element-plus/icons'
    version: 0.0.11
    deprecated: Please use @element-plus/icons-vue instead.
    dev: false

  registry.npmmirror.com/@intlify/core-base/9.1.10:
    resolution: {integrity: sha512-So9CNUavB/IsZ+zBmk2Cv6McQp6vc2wbGi1S0XQmJ8Vz+UFcNn9MFXAe9gY67PreIHrbLsLxDD0cwo1qsxM1Nw==, registry: https://registry.npm.taobao.org/, tarball: https://registry.npmmirror.com/@intlify/core-base/-/core-base-9.1.10.tgz}
    name: '@intlify/core-base'
    version: 9.1.10
    engines: {node: '>= 10'}
    dependencies:
      '@intlify/devtools-if': registry.npmmirror.com/@intlify/devtools-if/9.1.10
      '@intlify/message-compiler': registry.npmmirror.com/@intlify/message-compiler/9.1.10
      '@intlify/message-resolver': registry.npmmirror.com/@intlify/message-resolver/9.1.10
      '@intlify/runtime': registry.npmmirror.com/@intlify/runtime/9.1.10
      '@intlify/shared': registry.npmmirror.com/@intlify/shared/9.1.10
      '@intlify/vue-devtools': registry.npmmirror.com/@intlify/vue-devtools/9.1.10
    dev: false

  registry.npmmirror.com/@intlify/devtools-if/9.1.10:
    resolution: {integrity: sha512-SHaKoYu6sog3+Q8js1y3oXLywuogbH1sKuc7NSYkN3GElvXSBaMoCzW+we0ZSFqj/6c7vTNLg9nQ6rxhKqYwnQ==, registry: https://registry.npm.taobao.org/, tarball: https://registry.npmmirror.com/@intlify/devtools-if/-/devtools-if-9.1.10.tgz}
    name: '@intlify/devtools-if'
    version: 9.1.10
    engines: {node: '>= 10'}
    dependencies:
      '@intlify/shared': registry.npmmirror.com/@intlify/shared/9.1.10
    dev: false

  registry.npmmirror.com/@intlify/message-compiler/9.1.10:
    resolution: {integrity: sha512-+JiJpXff/XTb0EadYwdxOyRTB0hXNd4n1HaJ/a4yuV960uRmPXaklJsedW0LNdcptd/hYUZtCkI7Lc9J5C1gxg==, registry: https://registry.npm.taobao.org/, tarball: https://registry.npmmirror.com/@intlify/message-compiler/-/message-compiler-9.1.10.tgz}
    name: '@intlify/message-compiler'
    version: 9.1.10
    engines: {node: '>= 10'}
    dependencies:
      '@intlify/message-resolver': registry.npmmirror.com/@intlify/message-resolver/9.1.10
      '@intlify/shared': registry.npmmirror.com/@intlify/shared/9.1.10
      source-map: registry.npmmirror.com/source-map/0.6.1
    dev: false

  registry.npmmirror.com/@intlify/message-resolver/9.1.10:
    resolution: {integrity: sha512-5YixMG/M05m0cn9+gOzd4EZQTFRUu8RGhzxJbR1DWN21x/Z3bJ8QpDYj6hC4FwBj5uKsRfKpJQ3Xqg98KWoA+w==, registry: https://registry.npm.taobao.org/, tarball: https://registry.npmmirror.com/@intlify/message-resolver/-/message-resolver-9.1.10.tgz}
    name: '@intlify/message-resolver'
    version: 9.1.10
    engines: {node: '>= 10'}
    dev: false

  registry.npmmirror.com/@intlify/runtime/9.1.10:
    resolution: {integrity: sha512-7QsuByNzpe3Gfmhwq6hzgXcMPpxz8Zxb/XFI6s9lQdPLPe5Lgw4U1ovRPZTOs6Y2hwitR3j/HD8BJNGWpJnOFA==, registry: https://registry.npm.taobao.org/, tarball: https://registry.npmmirror.com/@intlify/runtime/-/runtime-9.1.10.tgz}
    name: '@intlify/runtime'
    version: 9.1.10
    engines: {node: '>= 10'}
    dependencies:
      '@intlify/message-compiler': registry.npmmirror.com/@intlify/message-compiler/9.1.10
      '@intlify/message-resolver': registry.npmmirror.com/@intlify/message-resolver/9.1.10
      '@intlify/shared': registry.npmmirror.com/@intlify/shared/9.1.10
    dev: false

  registry.npmmirror.com/@intlify/shared/9.1.10:
    resolution: {integrity: sha512-Om54xJeo1Vw+K1+wHYyXngE8cAbrxZHpWjYzMR9wCkqbhGtRV5VLhVc214Ze2YatPrWlS2WSMOWXR8JktX/IgA==, registry: https://registry.npm.taobao.org/, tarball: https://registry.npmmirror.com/@intlify/shared/-/shared-9.1.10.tgz}
    name: '@intlify/shared'
    version: 9.1.10
    engines: {node: '>= 10'}
    dev: false

  registry.npmmirror.com/@intlify/vue-devtools/9.1.10:
    resolution: {integrity: sha512-5l3qYARVbkWAkagLu1XbDUWRJSL8br1Dj60wgMaKB0+HswVsrR6LloYZTg7ozyvM621V6+zsmwzbQxbVQyrytQ==, registry: https://registry.npm.taobao.org/, tarball: https://registry.npmmirror.com/@intlify/vue-devtools/-/vue-devtools-9.1.10.tgz}
    name: '@intlify/vue-devtools'
    version: 9.1.10
    engines: {node: '>= 10'}
    dependencies:
      '@intlify/message-resolver': registry.npmmirror.com/@intlify/message-resolver/9.1.10
      '@intlify/runtime': registry.npmmirror.com/@intlify/runtime/9.1.10
      '@intlify/shared': registry.npmmirror.com/@intlify/shared/9.1.10
    dev: false

  registry.npmmirror.com/@popperjs/core/2.11.5:
    resolution: {integrity: sha512-9X2obfABZuDVLCgPK9aX0a/x4jaOEweTTWE2+9sr0Qqqevj2Uv5XorvusThmc9XGYpS9yI+fhh8RTafBtGposw==, registry: https://registry.npm.taobao.org/, tarball: https://registry.npmmirror.com/@popperjs/core/-/core-2.11.5.tgz}
    name: '@popperjs/core'
    version: 2.11.5
    dev: false

  registry.npmmirror.com/@types/marked/4.0.3:
    resolution: {integrity: sha512-HnMWQkLJEf/PnxZIfbm0yGJRRZYYMhb++O9M36UCTA9z53uPvVoSlAwJr3XOpDEryb7Hwl1qAx/MV6YIW1RXxg==, registry: https://registry.npm.taobao.org/, tarball: https://registry.npmmirror.com/@types/marked/-/marked-4.0.3.tgz}
    name: '@types/marked'
    version: 4.0.3
    dev: false

  registry.npmmirror.com/@vitejs/plugin-vue/1.10.2_vite@2.3.7:
    resolution: {integrity: sha512-/QJ0Z9qfhAFtKRY+r57ziY4BSbGUTGsPRMpB/Ron3QPwBZM4OZAZHdTa4a8PafCwU5DTatXG8TMDoP8z+oDqJw==, registry: https://registry.npm.taobao.org/, tarball: https://registry.npmmirror.com/@vitejs/plugin-vue/-/plugin-vue-1.10.2.tgz}
    id: registry.npmmirror.com/@vitejs/plugin-vue/1.10.2
    name: '@vitejs/plugin-vue'
    version: 1.10.2
    engines: {node: '>=12.0.0'}
    peerDependencies:
      vite: ^2.5.10
    dependencies:
      vite: registry.npmmirror.com/vite/2.3.7
    dev: true

  registry.npmmirror.com/@vue/compiler-core/3.2.37:
    resolution: {integrity: sha512-81KhEjo7YAOh0vQJoSmAD68wLfYqJvoiD4ulyedzF+OEk/bk6/hx3fTNVfuzugIIaTrOx4PGx6pAiBRe5e9Zmg==, registry: https://registry.npm.taobao.org/, tarball: https://registry.npmmirror.com/@vue/compiler-core/-/compiler-core-3.2.37.tgz}
    name: '@vue/compiler-core'
    version: 3.2.37
    dependencies:
      '@babel/parser': registry.npmmirror.com/@babel/parser/7.18.9
      '@vue/shared': registry.npmmirror.com/@vue/shared/3.2.37
      estree-walker: registry.npmmirror.com/estree-walker/2.0.2
      source-map: registry.npmmirror.com/source-map/0.6.1

  registry.npmmirror.com/@vue/compiler-dom/3.2.37:
    resolution: {integrity: sha512-yxJLH167fucHKxaqXpYk7x8z7mMEnXOw3G2q62FTkmsvNxu4FQSu5+3UMb+L7fjKa26DEzhrmCxAgFLLIzVfqQ==, registry: https://registry.npm.taobao.org/, tarball: https://registry.npmmirror.com/@vue/compiler-dom/-/compiler-dom-3.2.37.tgz}
    name: '@vue/compiler-dom'
    version: 3.2.37
    dependencies:
      '@vue/compiler-core': registry.npmmirror.com/@vue/compiler-core/3.2.37
      '@vue/shared': registry.npmmirror.com/@vue/shared/3.2.37

  registry.npmmirror.com/@vue/compiler-sfc/3.2.37:
    resolution: {integrity: sha512-+7i/2+9LYlpqDv+KTtWhOZH+pa8/HnX/905MdVmAcI/mPQOBwkHHIzrsEsucyOIZQYMkXUiTkmZq5am/NyXKkg==, registry: https://registry.npm.taobao.org/, tarball: https://registry.npmmirror.com/@vue/compiler-sfc/-/compiler-sfc-3.2.37.tgz}
    name: '@vue/compiler-sfc'
    version: 3.2.37
    dependencies:
      '@babel/parser': registry.npmmirror.com/@babel/parser/7.18.9
      '@vue/compiler-core': registry.npmmirror.com/@vue/compiler-core/3.2.37
      '@vue/compiler-dom': registry.npmmirror.com/@vue/compiler-dom/3.2.37
      '@vue/compiler-ssr': registry.npmmirror.com/@vue/compiler-ssr/3.2.37
      '@vue/reactivity-transform': registry.npmmirror.com/@vue/reactivity-transform/3.2.37
      '@vue/shared': registry.npmmirror.com/@vue/shared/3.2.37
      estree-walker: registry.npmmirror.com/estree-walker/2.0.2
      magic-string: registry.npmmirror.com/magic-string/0.25.9
      postcss: registry.npmmirror.com/postcss/8.4.14
      source-map: registry.npmmirror.com/source-map/0.6.1

  registry.npmmirror.com/@vue/compiler-ssr/3.2.37:
    resolution: {integrity: sha512-7mQJD7HdXxQjktmsWp/J67lThEIcxLemz1Vb5I6rYJHR5vI+lON3nPGOH3ubmbvYGt8xEUaAr1j7/tIFWiEOqw==, registry: https://registry.npm.taobao.org/, tarball: https://registry.npmmirror.com/@vue/compiler-ssr/-/compiler-ssr-3.2.37.tgz}
    name: '@vue/compiler-ssr'
    version: 3.2.37
    dependencies:
      '@vue/compiler-dom': registry.npmmirror.com/@vue/compiler-dom/3.2.37
      '@vue/shared': registry.npmmirror.com/@vue/shared/3.2.37

  registry.npmmirror.com/@vue/devtools-api/6.2.1:
    resolution: {integrity: sha512-OEgAMeQXvCoJ+1x8WyQuVZzFo0wcyCmUR3baRVLmKBo1LmYZWMlRiXlux5jd0fqVJu6PfDbOrZItVqUEzLobeQ==, registry: https://registry.npm.taobao.org/, tarball: https://registry.npmmirror.com/@vue/devtools-api/-/devtools-api-6.2.1.tgz}
    name: '@vue/devtools-api'
    version: 6.2.1
    dev: false

  registry.npmmirror.com/@vue/reactivity-transform/3.2.37:
    resolution: {integrity: sha512-IWopkKEb+8qpu/1eMKVeXrK0NLw9HicGviJzhJDEyfxTR9e1WtpnnbYkJWurX6WwoFP0sz10xQg8yL8lgskAZg==, registry: https://registry.npm.taobao.org/, tarball: https://registry.npmmirror.com/@vue/reactivity-transform/-/reactivity-transform-3.2.37.tgz}
    name: '@vue/reactivity-transform'
    version: 3.2.37
    dependencies:
      '@babel/parser': registry.npmmirror.com/@babel/parser/7.18.9
      '@vue/compiler-core': registry.npmmirror.com/@vue/compiler-core/3.2.37
      '@vue/shared': registry.npmmirror.com/@vue/shared/3.2.37
      estree-walker: registry.npmmirror.com/estree-walker/2.0.2
      magic-string: registry.npmmirror.com/magic-string/0.25.9

  registry.npmmirror.com/@vue/reactivity/3.2.37:
    resolution: {integrity: sha512-/7WRafBOshOc6m3F7plwzPeCu/RCVv9uMpOwa/5PiY1Zz+WLVRWiy0MYKwmg19KBdGtFWsmZ4cD+LOdVPcs52A==, registry: https://registry.npm.taobao.org/, tarball: https://registry.npmmirror.com/@vue/reactivity/-/reactivity-3.2.37.tgz}
    name: '@vue/reactivity'
    version: 3.2.37
    dependencies:
      '@vue/shared': registry.npmmirror.com/@vue/shared/3.2.37
    dev: false

  registry.npmmirror.com/@vue/runtime-core/3.2.37:
    resolution: {integrity: sha512-JPcd9kFyEdXLl/i0ClS7lwgcs0QpUAWj+SKX2ZC3ANKi1U4DOtiEr6cRqFXsPwY5u1L9fAjkinIdB8Rz3FoYNQ==, registry: https://registry.npm.taobao.org/, tarball: https://registry.npmmirror.com/@vue/runtime-core/-/runtime-core-3.2.37.tgz}
    name: '@vue/runtime-core'
    version: 3.2.37
    dependencies:
      '@vue/reactivity': registry.npmmirror.com/@vue/reactivity/3.2.37
      '@vue/shared': registry.npmmirror.com/@vue/shared/3.2.37
    dev: false

  registry.npmmirror.com/@vue/runtime-dom/3.2.37:
    resolution: {integrity: sha512-HimKdh9BepShW6YozwRKAYjYQWg9mQn63RGEiSswMbW+ssIht1MILYlVGkAGGQbkhSh31PCdoUcfiu4apXJoPw==, registry: https://registry.npm.taobao.org/, tarball: https://registry.npmmirror.com/@vue/runtime-dom/-/runtime-dom-3.2.37.tgz}
    name: '@vue/runtime-dom'
    version: 3.2.37
    dependencies:
      '@vue/runtime-core': registry.npmmirror.com/@vue/runtime-core/3.2.37
      '@vue/shared': registry.npmmirror.com/@vue/shared/3.2.37
      csstype: registry.npmmirror.com/csstype/2.6.20
    dev: false

  registry.npmmirror.com/@vue/server-renderer/3.2.37_vue@3.2.37:
    resolution: {integrity: sha512-kLITEJvaYgZQ2h47hIzPh2K3jG8c1zCVbp/o/bzQOyvzaKiCquKS7AaioPI28GNxIsE/zSx+EwWYsNxDCX95MA==, registry: https://registry.npm.taobao.org/, tarball: https://registry.npmmirror.com/@vue/server-renderer/-/server-renderer-3.2.37.tgz}
    id: registry.npmmirror.com/@vue/server-renderer/3.2.37
    name: '@vue/server-renderer'
    version: 3.2.37
    peerDependencies:
      vue: 3.2.37
    dependencies:
      '@vue/compiler-ssr': registry.npmmirror.com/@vue/compiler-ssr/3.2.37
      '@vue/shared': registry.npmmirror.com/@vue/shared/3.2.37
      vue: registry.npmmirror.com/vue/3.2.37
    dev: false

  registry.npmmirror.com/@vue/shared/3.2.37:
    resolution: {integrity: sha512-4rSJemR2NQIo9Klm1vabqWjD8rs/ZaJSzMxkMNeJS6lHiUjjUeYFbooN19NgFjztubEKh3WlZUeOLVdbbUWHsw==, registry: https://registry.npm.taobao.org/, tarball: https://registry.npmmirror.com/@vue/shared/-/shared-3.2.37.tgz}
    name: '@vue/shared'
    version: 3.2.37

  registry.npmmirror.com/async-validator/3.5.2:
    resolution: {integrity: sha512-8eLCg00W9pIRZSB781UUX/H6Oskmm8xloZfr09lz5bikRpBVDlJ3hRVuxxP1SxcwsEYfJ4IU8Q19Y8/893r3rQ==, registry: https://registry.npm.taobao.org/, tarball: https://registry.npmmirror.com/async-validator/-/async-validator-3.5.2.tgz}
    name: async-validator
    version: 3.5.2
    dev: false

  registry.npmmirror.com/axios/0.21.4:
    resolution: {integrity: sha512-ut5vewkiu8jjGBdqpM44XxjuCjq9LAKeHVmoVfHVzy8eHgxxq8SbAVQNovDA8mVi05kP0Ea/n/UzcSHcTJQfNg==, registry: https://registry.npm.taobao.org/, tarball: https://registry.npmmirror.com/axios/-/axios-0.21.4.tgz}
    name: axios
    version: 0.21.4
    dependencies:
      follow-redirects: registry.npmmirror.com/follow-redirects/1.15.1
    transitivePeerDependencies:
      - debug
    dev: false

  registry.npmmirror.com/core-js-pure/3.24.1:
    resolution: {integrity: sha512-r1nJk41QLLPyozHUUPmILCEMtMw24NG4oWK6RbsDdjzQgg9ZvrUsPBj1MnG0wXXp1DCDU6j+wUvEmBSrtRbLXg==, registry: https://registry.npm.taobao.org/, tarball: https://registry.npmmirror.com/core-js-pure/-/core-js-pure-3.24.1.tgz}
    name: core-js-pure
    version: 3.24.1
    requiresBuild: true
    dev: false

  registry.npmmirror.com/cropperjs/1.5.12:
    resolution: {integrity: sha512-re7UdjE5UnwdrovyhNzZ6gathI4Rs3KGCBSc8HCIjUo5hO42CtzyblmWLj6QWVw7huHyDMfpKxhiO2II77nhDw==, registry: https://registry.npm.taobao.org/, tarball: https://registry.npmmirror.com/cropperjs/-/cropperjs-1.5.12.tgz}
    name: cropperjs
    version: 1.5.12
    dev: false

  registry.npmmirror.com/csstype/2.6.20:
    resolution: {integrity: sha512-/WwNkdXfckNgw6S5R125rrW8ez139lBHWouiBvX8dfMFtcn6V81REDqnH7+CRpRipfYlyU1CmOnOxrmGcFOjeA==, registry: https://registry.npm.taobao.org/, tarball: https://registry.npmmirror.com/csstype/-/csstype-2.6.20.tgz}
    name: csstype
    version: 2.6.20
    dev: false

  registry.npmmirror.com/dayjs/1.11.4:
    resolution: {integrity: sha512-Zj/lPM5hOvQ1Bf7uAvewDaUcsJoI6JmNqmHhHl3nyumwe0XHwt8sWdOVAPACJzCebL8gQCi+K49w7iKWnGwX9g==, registry: https://registry.npm.taobao.org/, tarball: https://registry.npmmirror.com/dayjs/-/dayjs-1.11.4.tgz}
    name: dayjs
    version: 1.11.4
    dev: false

  registry.npmmirror.com/element-plus/1.0.2-beta.71_vue@3.2.37:
    resolution: {integrity: sha512-tlfbRORIav8gJcIpjZI5F6aJIVHIaDuGO6/vKu43lgYq4JS2JPNRTjvrSE2p4f5xLfaFNfOWjCS3sybXLfMg8g==, registry: https://registry.npm.taobao.org/, tarball: https://registry.npmmirror.com/element-plus/-/element-plus-1.0.2-beta.71.tgz}
    id: registry.npmmirror.com/element-plus/1.0.2-beta.71
    name: element-plus
    version: 1.0.2-beta.71
    peerDependencies:
      vue: 3.1.x
    dependencies:
      '@element-plus/icons': registry.npmmirror.com/@element-plus/icons/0.0.11
      '@popperjs/core': registry.npmmirror.com/@popperjs/core/2.11.5
      async-validator: registry.npmmirror.com/async-validator/3.5.2
      dayjs: registry.npmmirror.com/dayjs/1.11.4
      lodash: registry.npmmirror.com/lodash/4.17.21
      mitt: registry.npmmirror.com/mitt/2.1.0
      normalize-wheel: registry.npmmirror.com/normalize-wheel/1.0.1
      resize-observer-polyfill: registry.npmmirror.com/resize-observer-polyfill/1.5.1
      vue: registry.npmmirror.com/vue/3.2.37
    dev: false

  registry.npmmirror.com/esbuild/0.12.29:
    resolution: {integrity: sha512-w/XuoBCSwepyiZtIRsKsetiLDUVGPVw1E/R3VTFSecIy8UR7Cq3SOtwKHJMFoVqqVG36aGkzh4e8BvpO1Fdc7g==, registry: https://registry.npm.taobao.org/, tarball: https://registry.npmmirror.com/esbuild/-/esbuild-0.12.29.tgz}
    name: esbuild
    version: 0.12.29
    hasBin: true
    requiresBuild: true
    dev: true

  registry.npmmirror.com/estree-walker/2.0.2:
    resolution: {integrity: sha512-Rfkk/Mp/DL7JVje3u18FxFujQlTNR2q6QfMSMB7AvCBx91NGj/ba3kCfza0f6dVDbw7YlRf/nDrn7pQrCCyQ/w==, registry: https://registry.npm.taobao.org/, tarball: https://registry.npmmirror.com/estree-walker/-/estree-walker-2.0.2.tgz}
    name: estree-walker
    version: 2.0.2

  registry.npmmirror.com/follow-redirects/1.15.1:
    resolution: {integrity: sha512-yLAMQs+k0b2m7cVxpS1VKJVvoz7SS9Td1zss3XRwXj+ZDH00RJgnuLx7E44wx02kQLrdM3aOOy+FpzS7+8OizA==, registry: https://registry.npm.taobao.org/, tarball: https://registry.npmmirror.com/follow-redirects/-/follow-redirects-1.15.1.tgz}
    name: follow-redirects
    version: 1.15.1
    engines: {node: '>=4.0'}
    peerDependencies:
      debug: '*'
    peerDependenciesMeta:
      debug:
        optional: true
    dev: false

  registry.npmmirror.com/fsevents/2.3.2:
    resolution: {integrity: sha512-xiqMQR4xAeHTuB9uWm+fFRcIOgKBMiOBP+eXiyT7jsgVCq1bkVygt00oASowB7EdtpOHaaPgKt812P9ab+DDKA==, registry: https://registry.npm.taobao.org/, tarball: https://registry.npmmirror.com/fsevents/-/fsevents-2.3.2.tgz}
    name: fsevents
    version: 2.3.2
    engines: {node: ^8.16.0 || ^10.6.0 || >=11.0.0}
    os: [darwin]
    requiresBuild: true
    dev: true
    optional: true

  registry.npmmirror.com/function-bind/1.1.1:
    resolution: {integrity: sha512-yIovAzMX49sF8Yl58fSCWJ5svSLuaibPxXQJFLmBObTuCr0Mf1KiPopGM9NiFjiYBCbfaa2Fh6breQ6ANVTI0A==, registry: https://registry.npm.taobao.org/, tarball: https://registry.npmmirror.com/function-bind/-/function-bind-1.1.1.tgz}
    name: function-bind
    version: 1.1.1
    dev: true

  registry.npmmirror.com/has/1.0.3:
    resolution: {integrity: sha512-f2dvO0VU6Oej7RkWJGrehjbzMAjFp5/VKPp5tTpWIV4JHHZK1/BxbFRtf/siA2SWTe09caDmVtYYzWEIbBS4zw==, registry: https://registry.npm.taobao.org/, tarball: https://registry.npmmirror.com/has/-/has-1.0.3.tgz}
    name: has
    version: 1.0.3
    engines: {node: '>= 0.4.0'}
    dependencies:
      function-bind: registry.npmmirror.com/function-bind/1.1.1
    dev: true

  registry.npmmirror.com/is-core-module/2.9.0:
    resolution: {integrity: sha512-+5FPy5PnwmO3lvfMb0AsoPaBG+5KHUI0wYFXOtYPnVVVspTFUuMZNfNaNVRt3FZadstu2c8x23vykRW/NBoU6A==, registry: https://registry.npm.taobao.org/, tarball: https://registry.npmmirror.com/is-core-module/-/is-core-module-2.9.0.tgz}
    name: is-core-module
    version: 2.9.0
    dependencies:
      has: registry.npmmirror.com/has/1.0.3
    dev: true

  registry.npmmirror.com/lodash/4.17.21:
    resolution: {integrity: sha512-v2kDEe57lecTulaDIuNTPy3Ry4gLGJ6Z1O3vE1krgXZNrsQ+LFTGHVxVjcXPs17LhbZVGedAJv8XZ1tvj5FvSg==, registry: https://registry.npm.taobao.org/, tarball: https://registry.npmmirror.com/lodash/-/lodash-4.17.21.tgz}
    name: lodash
    version: 4.17.21
    dev: false

  registry.npmmirror.com/magic-string/0.25.9:
    resolution: {integrity: sha512-RmF0AsMzgt25qzqqLc1+MbHmhdx0ojF2Fvs4XnOqz2ZOBXzzkEwc/dJQZCYHAn7v1jbVOjAZfK8msRn4BxO4VQ==, registry: https://registry.npm.taobao.org/, tarball: https://registry.npmmirror.com/magic-string/-/magic-string-0.25.9.tgz}
    name: magic-string
    version: 0.25.9
    dependencies:
      sourcemap-codec: registry.npmmirror.com/sourcemap-codec/1.4.8

  registry.npmmirror.com/md-editor-v3/2.2.1:
    resolution: {integrity: sha512-nOd8mlEhvC99l9Y8pDMwEi6EdCAeBp88Ffl24We+2uz3/Iympctm92L1qyNicONJRhtZJacQ4oWTQGMYKGAxVg==, registry: https://registry.npm.taobao.org/, tarball: https://registry.npmmirror.com/md-editor-v3/-/md-editor-v3-2.2.1.tgz}
    name: md-editor-v3
    version: 2.2.1
    engines: {node: '>=12.0.0'}
    dependencies:
      '@types/marked': registry.npmmirror.com/@types/marked/4.0.3
    dev: false

  registry.npmmirror.com/mitt/2.1.0:
    resolution: {integrity: sha512-ILj2TpLiysu2wkBbWjAmww7TkZb65aiQO+DkVdUTBpBXq+MHYiETENkKFMtsJZX1Lf4pe4QOrTSjIfUwN5lRdg==, registry: https://registry.npm.taobao.org/, tarball: https://registry.npmmirror.com/mitt/-/mitt-2.1.0.tgz}
    name: mitt
    version: 2.1.0
    dev: false

  registry.npmmirror.com/nanoid/3.3.4:
    resolution: {integrity: sha512-MqBkQh/OHTS2egovRtLk45wEyNXwF+cokD+1YPf9u5VfJiRdAiRwB2froX5Co9Rh20xs4siNPm8naNotSD6RBw==, registry: https://registry.npm.taobao.org/, tarball: https://registry.npmmirror.com/nanoid/-/nanoid-3.3.4.tgz}
    name: nanoid
    version: 3.3.4
    engines: {node: ^10 || ^12 || ^13.7 || ^14 || >=15.0.1}
    hasBin: true

  registry.npmmirror.com/normalize-wheel/1.0.1:
    resolution: {integrity: sha512-1OnlAPZ3zgrk8B91HyRj+eVv+kS5u+Z0SCsak6Xil/kmgEia50ga7zfkumayonZrImffAxPU/5WcyGhzetHNPA==, registry: https://registry.npm.taobao.org/, tarball: https://registry.npmmirror.com/normalize-wheel/-/normalize-wheel-1.0.1.tgz}
    name: normalize-wheel
    version: 1.0.1
    dev: false

  registry.npmmirror.com/path-parse/1.0.7:
    resolution: {integrity: sha512-LDJzPVEEEPR+y48z93A0Ed0yXb8pAByGWo/k5YYdYgpY2/2EsOsksJrq7lOHxryrVOn1ejG6oAp8ahvOIQD8sw==, registry: https://registry.npm.taobao.org/, tarball: https://registry.npmmirror.com/path-parse/-/path-parse-1.0.7.tgz}
    name: path-parse
    version: 1.0.7
    dev: true

  registry.npmmirror.com/picocolors/1.0.0:
    resolution: {integrity: sha512-1fygroTLlHu66zi26VoTDv8yRgm0Fccecssto+MhsZ0D/DGW2sm8E8AjW7NU5VVTRt5GxbeZ5qBuJr+HyLYkjQ==, registry: https://registry.npm.taobao.org/, tarball: https://registry.npmmirror.com/picocolors/-/picocolors-1.0.0.tgz}
    name: picocolors
    version: 1.0.0

  registry.npmmirror.com/pinia/2.0.17_vue@3.2.37:
    resolution: {integrity: sha512-AtwLwEWQgIjofjgeFT+nxbnK5lT2QwQjaHNEDqpsi2AiCwf/NY78uWTeHUyEhiiJy8+sBmw0ujgQMoQbWiZDfA==, registry: https://registry.npm.taobao.org/, tarball: https://registry.npmmirror.com/pinia/-/pinia-2.0.17.tgz}
    id: registry.npmmirror.com/pinia/2.0.17
    name: pinia
    version: 2.0.17
    peerDependencies:
      '@vue/composition-api': ^1.4.0
      typescript: '>=4.4.4'
      vue: ^2.6.14 || ^3.2.0
    peerDependenciesMeta:
      '@vue/composition-api':
        optional: true
      typescript:
        optional: true
    dependencies:
      '@vue/devtools-api': registry.npmmirror.com/@vue/devtools-api/6.2.1
      vue: registry.npmmirror.com/vue/3.2.37
      vue-demi: registry.npmmirror.com/vue-demi/0.13.6_vue@3.2.37
    dev: false

  registry.npmmirror.com/postcss/8.4.14:
    resolution: {integrity: sha512-E398TUmfAYFPBSdzgeieK2Y1+1cpdxJx8yXbK/m57nRhKSmk1GB2tO4lbLBtlkfPQTDKfe4Xqv1ASWPpayPEig==, registry: https://registry.npm.taobao.org/, tarball: https://registry.npmmirror.com/postcss/-/postcss-8.4.14.tgz}
    name: postcss
    version: 8.4.14
    engines: {node: ^10 || ^12 || >=14}
    dependencies:
      nanoid: registry.npmmirror.com/nanoid/3.3.4
      picocolors: registry.npmmirror.com/picocolors/1.0.0
      source-map-js: registry.npmmirror.com/source-map-js/1.0.2

  registry.npmmirror.com/regenerator-runtime/0.13.9:
    resolution: {integrity: sha512-p3VT+cOEgxFsRRA9X4lkI1E+k2/CtnKtU4gcxyaCUreilL/vqI6CdZ3wxVUx3UOUg+gnUOQQcRI7BmSI656MYA==, registry: https://registry.npm.taobao.org/, tarball: https://registry.npmmirror.com/regenerator-runtime/-/regenerator-runtime-0.13.9.tgz}
    name: regenerator-runtime
    version: 0.13.9
    dev: false

  registry.npmmirror.com/resize-observer-polyfill/1.5.1:
    resolution: {integrity: sha512-LwZrotdHOo12nQuZlHEmtuXdqGoOD0OhaxopaNFxWzInpEgaLWoVuAMbTzixuosCx2nEG58ngzW3vxdWoxIgdg==, registry: https://registry.npm.taobao.org/, tarball: https://registry.npmmirror.com/resize-observer-polyfill/-/resize-observer-polyfill-1.5.1.tgz}
    name: resize-observer-polyfill
    version: 1.5.1
    dev: false

  registry.npmmirror.com/resolve/1.22.1:
    resolution: {integrity: sha512-nBpuuYuY5jFsli/JIs1oldw6fOQCBioohqWZg/2hiaOybXOft4lonv85uDOKXdf8rhyK159cxU5cDcK/NKk8zw==, registry: https://registry.npm.taobao.org/, tarball: https://registry.npmmirror.com/resolve/-/resolve-1.22.1.tgz}
    name: resolve
    version: 1.22.1
    hasBin: true
    dependencies:
      is-core-module: registry.npmmirror.com/is-core-module/2.9.0
      path-parse: registry.npmmirror.com/path-parse/1.0.7
      supports-preserve-symlinks-flag: registry.npmmirror.com/supports-preserve-symlinks-flag/1.0.0
    dev: true

  registry.npmmirror.com/rollup/2.77.2:
    resolution: {integrity: sha512-m/4YzYgLcpMQbxX3NmAqDvwLATZzxt8bIegO78FZLl+lAgKJBd1DRAOeEiZcKOIOPjxE6ewHWHNgGEalFXuz1g==, registry: https://registry.npm.taobao.org/, tarball: https://registry.npmmirror.com/rollup/-/rollup-2.77.2.tgz}
    name: rollup
    version: 2.77.2
    engines: {node: '>=10.0.0'}
    hasBin: true
    optionalDependencies:
      fsevents: registry.npmmirror.com/fsevents/2.3.2
    dev: true

  registry.npmmirror.com/schart.js/3.0.4:
    resolution: {integrity: sha512-uylb2u9rrHX1jyAuSAJUQON8XTfyDKI9kWj1J3fUlCQCkLVZ4HG4+IiV8qm//Z71dqvLI78QZ/fCBw0reB22Zw==, registry: https://registry.npm.taobao.org/, tarball: https://registry.npmmirror.com/schart.js/-/schart.js-3.0.4.tgz}
    name: schart.js
    version: 3.0.4
    dev: false

  registry.npmmirror.com/source-map-js/1.0.2:
    resolution: {integrity: sha512-R0XvVJ9WusLiqTCEiGCmICCMplcCkIwwR11mOSD9CR5u+IXYdiseeEuXCVAjS54zqwkLcPNnmU4OeJ6tUrWhDw==, registry: https://registry.npm.taobao.org/, tarball: https://registry.npmmirror.com/source-map-js/-/source-map-js-1.0.2.tgz}
    name: source-map-js
    version: 1.0.2
    engines: {node: '>=0.10.0'}

  registry.npmmirror.com/source-map/0.6.1:
    resolution: {integrity: sha512-UjgapumWlbMhkBgzT7Ykc5YXUT46F0iKu8SGXq0bcwP5dz/h0Plj6enJqjz1Zbq2l5WaqYnrVbwWOWMyF3F47g==, registry: https://registry.npm.taobao.org/, tarball: https://registry.npmmirror.com/source-map/-/source-map-0.6.1.tgz}
    name: source-map
    version: 0.6.1
    engines: {node: '>=0.10.0'}

  registry.npmmirror.com/sourcemap-codec/1.4.8:
    resolution: {integrity: sha512-9NykojV5Uih4lgo5So5dtw+f0JgJX30KCNI8gwhz2J9A15wD0Ml6tjHKwf6fTSa6fAdVBdZeNOs9eJ71qCk8vA==, registry: https://registry.npm.taobao.org/, tarball: https://registry.npmmirror.com/sourcemap-codec/-/sourcemap-codec-1.4.8.tgz}
    name: sourcemap-codec
    version: 1.4.8

  registry.npmmirror.com/supports-preserve-symlinks-flag/1.0.0:
    resolution: {integrity: sha512-ot0WnXS9fgdkgIcePe6RHNk1WA8+muPa6cSjeR3V8K27q9BB1rTE3R1p7Hv0z1ZyAc8s6Vvv8DIyWf681MAt0w==, registry: https://registry.npm.taobao.org/, tarball: https://registry.npmmirror.com/supports-preserve-symlinks-flag/-/supports-preserve-symlinks-flag-1.0.0.tgz}
    name: supports-preserve-symlinks-flag
    version: 1.0.0
    engines: {node: '>= 0.4'}
    dev: true

  registry.npmmirror.com/to-fast-properties/2.0.0:
    resolution: {integrity: sha512-/OaKK0xYrs3DmxRYqL/yDc+FxFUVYhDlXMhRmv3z915w2HF1tnN1omB354j8VUGO/hbRzyD6Y3sA7v7GS/ceog==, registry: https://registry.npm.taobao.org/, tarball: https://registry.npmmirror.com/to-fast-properties/-/to-fast-properties-2.0.0.tgz}
    name: to-fast-properties
    version: 2.0.0
    engines: {node: '>=4'}

  registry.npmmirror.com/tslib/2.4.0:
    resolution: {integrity: sha512-d6xOpEDfsi2CZVlPQzGeux8XMwLT9hssAsaPYExaQMuYskwb+x1x7J371tWlbBdWHroy99KnVB6qIkUbs5X3UQ==, registry: https://registry.npm.taobao.org/, tarball: https://registry.npmmirror.com/tslib/-/tslib-2.4.0.tgz}
    name: tslib
    version: 2.4.0
    dev: false

  registry.npmmirror.com/vite/2.3.7:
    resolution: {integrity: sha512-Y0xRz11MPYu/EAvzN94+FsOZHbSvO6FUvHv127CyG7mV6oDoay2bw+g5y9wW3Blf8OY3chaz3nc/DcRe1IQ3Nw==, registry: https://registry.npm.taobao.org/, tarball: https://registry.npmmirror.com/vite/-/vite-2.3.7.tgz}
    name: vite
    version: 2.3.7
    engines: {node: '>=12.0.0'}
    hasBin: true
    dependencies:
      esbuild: registry.npmmirror.com/esbuild/0.12.29
      postcss: registry.npmmirror.com/postcss/8.4.14
      resolve: registry.npmmirror.com/resolve/1.22.1
      rollup: registry.npmmirror.com/rollup/2.77.2
    optionalDependencies:
      fsevents: registry.npmmirror.com/fsevents/2.3.2
    dev: true

  registry.npmmirror.com/vue-cropperjs/5.0.0_vue@3.2.37:
    resolution: {integrity: sha512-RhnC8O33uRZNkn74aiHZwNHnBJOXWlS4P6gsRI0lw4cZlWjKSCywZI9oSI9POlIPI6OYv30jvnHMXGch85tw7w==, registry: https://registry.npm.taobao.org/, tarball: https://registry.npmmirror.com/vue-cropperjs/-/vue-cropperjs-5.0.0.tgz}
    id: registry.npmmirror.com/vue-cropperjs/5.0.0
    name: vue-cropperjs
    version: 5.0.0
    peerDependencies:
      vue: '>=3.0.0'
    dependencies:
      cropperjs: registry.npmmirror.com/cropperjs/1.5.12
      vue: registry.npmmirror.com/vue/3.2.37
    dev: false

  registry.npmmirror.com/vue-demi/0.13.6_vue@3.2.37:
    resolution: {integrity: sha512-02NYpxgyGE2kKGegRPYlNQSL1UWfA/+JqvzhGCOYjhfbLWXU5QQX0+9pAm/R2sCOPKr5NBxVIab7fvFU0B1RxQ==, registry: https://registry.npm.taobao.org/, tarball: https://registry.npmmirror.com/vue-demi/-/vue-demi-0.13.6.tgz}
    id: registry.npmmirror.com/vue-demi/0.13.6
    name: vue-demi
    version: 0.13.6
    engines: {node: '>=12'}
    hasBin: true
    requiresBuild: true
    peerDependencies:
      '@vue/composition-api': ^1.0.0-rc.1
      vue: ^3.0.0-0 || ^2.6.0
    peerDependenciesMeta:
      '@vue/composition-api':
        optional: true
    dependencies:
      vue: registry.npmmirror.com/vue/3.2.37
    dev: false

  registry.npmmirror.com/vue-i18n/9.1.10_vue@3.2.37:
    resolution: {integrity: sha512-jpr7gV5KPk4n+sSPdpZT8Qx3XzTcNDWffRlHV/cT2NUyEf+sEgTTmLvnBAibjOFJ0zsUyZlVTAWH5DDnYep+1g==, registry: https://registry.npm.taobao.org/, tarball: https://registry.npmmirror.com/vue-i18n/-/vue-i18n-9.1.10.tgz}
    id: registry.npmmirror.com/vue-i18n/9.1.10
    name: vue-i18n
    version: 9.1.10
    engines: {node: '>= 10'}
    peerDependencies:
      vue: ^3.0.0
    dependencies:
      '@intlify/core-base': registry.npmmirror.com/@intlify/core-base/9.1.10
      '@intlify/shared': registry.npmmirror.com/@intlify/shared/9.1.10
      '@intlify/vue-devtools': registry.npmmirror.com/@intlify/vue-devtools/9.1.10
      '@vue/devtools-api': registry.npmmirror.com/@vue/devtools-api/6.2.1
      vue: registry.npmmirror.com/vue/3.2.37
    dev: false

  registry.npmmirror.com/vue-router/4.1.3_vue@3.2.37:
    resolution: {integrity: sha512-XvK81bcYglKiayT7/vYAg/f36ExPC4t90R/HIpzrZ5x+17BOWptXLCrEPufGgZeuq68ww4ekSIMBZY1qdUdfjA==, registry: https://registry.npm.taobao.org/, tarball: https://registry.npmmirror.com/vue-router/-/vue-router-4.1.3.tgz}
    id: registry.npmmirror.com/vue-router/4.1.3
    name: vue-router
    version: 4.1.3
    peerDependencies:
      vue: ^3.2.0
    dependencies:
      '@vue/devtools-api': registry.npmmirror.com/@vue/devtools-api/6.2.1
      vue: registry.npmmirror.com/vue/3.2.37
    dev: false

  registry.npmmirror.com/vue-schart/2.0.0:
    resolution: {integrity: sha512-qAu3e5wfMcq26wK1xeHExEWfGpnjfoN1R/9QXblNi+AsU/p52X7tTwhi+Fw7H/otfEufhEY2X7z7emaoF4QO+g==, registry: https://registry.npm.taobao.org/, tarball: https://registry.npmmirror.com/vue-schart/-/vue-schart-2.0.0.tgz}
    name: vue-schart
    version: 2.0.0
    dependencies:
      schart.js: registry.npmmirror.com/schart.js/3.0.4
    dev: false

  registry.npmmirror.com/vue/3.2.37:
    resolution: {integrity: sha512-bOKEZxrm8Eh+fveCqS1/NkG/n6aMidsI6hahas7pa0w/l7jkbssJVsRhVDs07IdDq7h9KHswZOgItnwJAgtVtQ==, registry: https://registry.npm.taobao.org/, tarball: https://registry.npmmirror.com/vue/-/vue-3.2.37.tgz}
    name: vue
    version: 3.2.37
    dependencies:
      '@vue/compiler-dom': registry.npmmirror.com/@vue/compiler-dom/3.2.37
      '@vue/compiler-sfc': registry.npmmirror.com/@vue/compiler-sfc/3.2.37
      '@vue/runtime-dom': registry.npmmirror.com/@vue/runtime-dom/3.2.37
      '@vue/server-renderer': registry.npmmirror.com/@vue/server-renderer/3.2.37_vue@3.2.37
      '@vue/shared': registry.npmmirror.com/@vue/shared/3.2.37
    dev: false

  registry.npmmirror.com/wangeditor/4.7.15:
    resolution: {integrity: sha512-aPTdREd8BxXVyJ5MI+LU83FQ7u1EPd341iXIorRNYSOvoimNoZ4nPg+yn3FGbB93/owEa6buLw8wdhYnMCJQLg==, registry: https://registry.npm.taobao.org/, tarball: https://registry.npmmirror.com/wangeditor/-/wangeditor-4.7.15.tgz}
    name: wangeditor
    version: 4.7.15
    dependencies:
      '@babel/runtime': registry.npmmirror.com/@babel/runtime/7.18.9
      '@babel/runtime-corejs3': registry.npmmirror.com/@babel/runtime-corejs3/7.18.9
      tslib: registry.npmmirror.com/tslib/2.4.0
    dev: false
